// !$*UTF8*$!
{
	archiveVersion = 1;
	classes = {
	};
	objectVersion = 46;
	objects = {

/* Begin PBXBuildFile section */
		A6EE36261F4EC89E0040AD94 /* main.m in Sources */ = {isa = PBXBuildFile; fileRef = A6EE36251F4EC89E0040AD94 /* main.m */; };
		A6EE36291F4EC89E0040AD94 /* AppDelegate.m in Sources */ = {isa = PBXBuildFile; fileRef = A6EE36281F4EC89E0040AD94 /* AppDelegate.m */; };
		A6EE362C1F4EC89E0040AD94 /* ViewController.m in Sources */ = {isa = PBXBuildFile; fileRef = A6EE362B1F4EC89E0040AD94 /* ViewController.m */; };
		A6EE362F1F4EC89E0040AD94 /* Main.storyboard in Resources */ = {isa = PBXBuildFile; fileRef = A6EE362D1F4EC89E0040AD94 /* Main.storyboard */; };
		A6EE36311F4EC89E0040AD94 /* Assets.xcassets in Resources */ = {isa = PBXBuildFile; fileRef = A6EE36301F4EC89E0040AD94 /* Assets.xcassets */; };
		A6EE36341F4EC89E0040AD94 /* LaunchScreen.storyboard in Resources */ = {isa = PBXBuildFile; fileRef = A6EE36321F4EC89E0040AD94 /* LaunchScreen.storyboard */; };
		A6EE363F1F4EC89E0040AD94 /* MyXcodeTestTests.m in Sources */ = {isa = PBXBuildFile; fileRef = A6EE363E1F4EC89E0040AD94 /* MyXcodeTestTests.m */; };
		A6EE364A1F4EC89E0040AD94 /* MyXcodeTestUITests.m in Sources */ = {isa = PBXBuildFile; fileRef = A6EE36491F4EC89E0040AD94 /* MyXcodeTestUITests.m */; };
/* End PBXBuildFile section */

/* Begin PBXContainerItemProxy section */
		A6EE363B1F4EC89E0040AD94 /* PBXContainerItemProxy */ = {
			isa = PBXContainerItemProxy;
			containerPortal = A6EE36191F4EC89D0040AD94 /* Project object */;
			proxyType = 1;
			remoteGlobalIDString = A6EE36201F4EC89D0040AD94;
			remoteInfo = MyXcodeTest;
		};
		A6EE36461F4EC89E0040AD94 /* PBXContainerItemProxy */ = {
			isa = PBXContainerItemProxy;
			containerPortal = A6EE36191F4EC89D0040AD94 /* Project object */;
			proxyType = 1;
			remoteGlobalIDString = A6EE36201F4EC89D0040AD94;
			remoteInfo = MyXcodeTest;
		};
/* End PBXContainerItemProxy section */

/* Begin PBXFileReference section */
		A6EE36211F4EC89E0040AD94 /* MyXcodeTest.app */ = {isa = PBXFileReference; explicitFileType = wrapper.application; includeInIndex = 0; path = MyXcodeTest.app; sourceTree = BUILT_PRODUCTS_DIR; };
		A6EE36251F4EC89E0040AD94 /* main.m */ = {isa = PBXFileReference; lastKnownFileType = sourcecode.c.objc; path = main.m; sourceTree = "<group>"; };
		A6EE36271F4EC89E0040AD94 /* AppDelegate.h */ = {isa = PBXFileReference; lastKnownFileType = sourcecode.c.h; path = AppDelegate.h; sourceTree = "<group>"; };
		A6EE36281F4EC89E0040AD94 /* AppDelegate.m */ = {isa = PBXFileReference; lastKnownFileType = sourcecode.c.objc; path = AppDelegate.m; sourceTree = "<group>"; };
		A6EE362A1F4EC89E0040AD94 /* ViewController.h */ = {isa = PBXFileReference; lastKnownFileType = sourcecode.c.h; path = ViewController.h; sourceTree = "<group>"; };
		A6EE362B1F4EC89E0040AD94 /* ViewController.m */ = {isa = PBXFileReference; lastKnownFileType = sourcecode.c.objc; path = ViewController.m; sourceTree = "<group>"; };
		A6EE362E1F4EC89E0040AD94 /* Base */ = {isa = PBXFileReference; lastKnownFileType = file.storyboard; name = Base; path = Base.lproj/Main.storyboard; sourceTree = "<group>"; };
		A6EE36301F4EC89E0040AD94 /* Assets.xcassets */ = {isa = PBXFileReference; lastKnownFileType = folder.assetcatalog; path = Assets.xcassets; sourceTree = "<group>"; };
		A6EE36331F4EC89E0040AD94 /* Base */ = {isa = PBXFileReference; lastKnownFileType = file.storyboard; name = Base; path = Base.lproj/LaunchScreen.storyboard; sourceTree = "<group>"; };
		A6EE36351F4EC89E0040AD94 /* Info.plist */ = {isa = PBXFileReference; lastKnownFileType = text.plist.xml; path = Info.plist; sourceTree = "<group>"; };
		A6EE363A1F4EC89E0040AD94 /* MyXcodeTestTests.xctest */ = {isa = PBXFileReference; explicitFileType = wrapper.cfbundle; includeInIndex = 0; path = MyXcodeTestTests.xctest; sourceTree = BUILT_PRODUCTS_DIR; };
		A6EE363E1F4EC89E0040AD94 /* MyXcodeTestTests.m */ = {isa = PBXFileReference; lastKnownFileType = sourcecode.c.objc; path = MyXcodeTestTests.m; sourceTree = "<group>"; };
		A6EE36401F4EC89E0040AD94 /* Info.plist */ = {isa = PBXFileReference; lastKnownFileType = text.plist.xml; path = Info.plist; sourceTree = "<group>"; };
		A6EE36451F4EC89E0040AD94 /* MyXcodeTestUITests.xctest */ = {isa = PBXFileReference; explicitFileType = wrapper.cfbundle; includeInIndex = 0; path = MyXcodeTestUITests.xctest; sourceTree = BUILT_PRODUCTS_DIR; };
		A6EE36491F4EC89E0040AD94 /* MyXcodeTestUITests.m */ = {isa = PBXFileReference; lastKnownFileType = sourcecode.c.objc; path = MyXcodeTestUITests.m; sourceTree = "<group>"; };
		A6EE364B1F4EC89E0040AD94 /* Info.plist */ = {isa = PBXFileReference; lastKnownFileType = text.plist.xml; path = Info.plist; sourceTree = "<group>"; };
/* End PBXFileReference section */

/* Begin PBXFrameworksBuildPhase section */
		A6EE361E1F4EC89D0040AD94 /* Frameworks */ = {
			isa = PBXFrameworksBuildPhase;
			buildActionMask = 2147483647;
			files = (
			);
			runOnlyForDeploymentPostprocessing = 0;
		};
		A6EE36371F4EC89E0040AD94 /* Frameworks */ = {
			isa = PBXFrameworksBuildPhase;
			buildActionMask = 2147483647;
			files = (
			);
			runOnlyForDeploymentPostprocessing = 0;
		};
		A6EE36421F4EC89E0040AD94 /* Frameworks */ = {
			isa = PBXFrameworksBuildPhase;
			buildActionMask = 2147483647;
			files = (
			);
			runOnlyForDeploymentPostprocessing = 0;
		};
/* End PBXFrameworksBuildPhase section */

/* Begin PBXGroup section */
		A6EE36181F4EC89D0040AD94 = {
			isa = PBXGroup;
			children = (
				A6EE36231F4EC89E0040AD94 /* MyXcodeTest */,
				A6EE363D1F4EC89E0040AD94 /* MyXcodeTestTests */,
				A6EE36481F4EC89E0040AD94 /* MyXcodeTestUITests */,
				A6EE36221F4EC89E0040AD94 /* Products */,
			);
			sourceTree = "<group>";
		};
		A6EE36221F4EC89E0040AD94 /* Products */ = {
			isa = PBXGroup;
			children = (
				A6EE36211F4EC89E0040AD94 /* MyXcodeTest.app */,
				A6EE363A1F4EC89E0040AD94 /* MyXcodeTestTests.xctest */,
				A6EE36451F4EC89E0040AD94 /* MyXcodeTestUITests.xctest */,
			);
			name = Products;
			sourceTree = "<group>";
		};
		A6EE36231F4EC89E0040AD94 /* MyXcodeTest */ = {
			isa = PBXGroup;
			children = (
				A6EE36271F4EC89E0040AD94 /* AppDelegate.h */,
				A6EE36281F4EC89E0040AD94 /* AppDelegate.m */,
				A6EE362A1F4EC89E0040AD94 /* ViewController.h */,
				A6EE362B1F4EC89E0040AD94 /* ViewController.m */,
				A6EE362D1F4EC89E0040AD94 /* Main.storyboard */,
				A6EE36301F4EC89E0040AD94 /* Assets.xcassets */,
				A6EE36321F4EC89E0040AD94 /* LaunchScreen.storyboard */,
				A6EE36351F4EC89E0040AD94 /* Info.plist */,
				A6EE36241F4EC89E0040AD94 /* Supporting Files */,
			);
			path = MyXcodeTest;
			sourceTree = "<group>";
		};
		A6EE36241F4EC89E0040AD94 /* Supporting Files */ = {
			isa = PBXGroup;
			children = (
				A6EE36251F4EC89E0040AD94 /* main.m */,
			);
			name = "Supporting Files";
			sourceTree = "<group>";
		};
		A6EE363D1F4EC89E0040AD94 /* MyXcodeTestTests */ = {
			isa = PBXGroup;
			children = (
				A6EE363E1F4EC89E0040AD94 /* MyXcodeTestTests.m */,
				A6EE36401F4EC89E0040AD94 /* Info.plist */,
			);
			path = MyXcodeTestTests;
			sourceTree = "<group>";
		};
		A6EE36481F4EC89E0040AD94 /* MyXcodeTestUITests */ = {
			isa = PBXGroup;
			children = (
				A6EE36491F4EC89E0040AD94 /* MyXcodeTestUITests.m */,
				A6EE364B1F4EC89E0040AD94 /* Info.plist */,
			);
			path = MyXcodeTestUITests;
			sourceTree = "<group>";
		};
/* End PBXGroup section */

/* Begin PBXNativeTarget section */
		A6EE36201F4EC89D0040AD94 /* MyXcodeTest */ = {
			isa = PBXNativeTarget;
			buildConfigurationList = A6EE364E1F4EC89E0040AD94 /* Build configuration list for PBXNativeTarget "MyXcodeTest" */;
			buildPhases = (
				A6EE361D1F4EC89D0040AD94 /* Sources */,
				A6EE361E1F4EC89D0040AD94 /* Frameworks */,
				A6EE361F1F4EC89D0040AD94 /* Resources */,
			);
			buildRules = (
			);
			dependencies = (
			);
			name = MyXcodeTest;
			productName = MyXcodeTest;
			productReference = A6EE36211F4EC89E0040AD94 /* MyXcodeTest.app */;
			productType = "com.apple.product-type.application";
		};
		A6EE36391F4EC89E0040AD94 /* MyXcodeTestTests */ = {
			isa = PBXNativeTarget;
			buildConfigurationList = A6EE36511F4EC89E0040AD94 /* Build configuration list for PBXNativeTarget "MyXcodeTestTests" */;
			buildPhases = (
				A6EE36361F4EC89E0040AD94 /* Sources */,
				A6EE36371F4EC89E0040AD94 /* Frameworks */,
				A6EE36381F4EC89E0040AD94 /* Resources */,
			);
			buildRules = (
			);
			dependencies = (
				A6EE363C1F4EC89E0040AD94 /* PBXTargetDependency */,
			);
			name = MyXcodeTestTests;
			productName = MyXcodeTestTests;
			productReference = A6EE363A1F4EC89E0040AD94 /* MyXcodeTestTests.xctest */;
			productType = "com.apple.product-type.bundle.unit-test";
		};
		A6EE36441F4EC89E0040AD94 /* MyXcodeTestUITests */ = {
			isa = PBXNativeTarget;
			buildConfigurationList = A6EE36541F4EC89E0040AD94 /* Build configuration list for PBXNativeTarget "MyXcodeTestUITests" */;
			buildPhases = (
				A6EE36411F4EC89E0040AD94 /* Sources */,
				A6EE36421F4EC89E0040AD94 /* Frameworks */,
				A6EE36431F4EC89E0040AD94 /* Resources */,
			);
			buildRules = (
			);
			dependencies = (
				A6EE36471F4EC89E0040AD94 /* PBXTargetDependency */,
			);
			name = MyXcodeTestUITests;
			productName = MyXcodeTestUITests;
			productReference = A6EE36451F4EC89E0040AD94 /* MyXcodeTestUITests.xctest */;
			productType = "com.apple.product-type.bundle.ui-testing";
		};
/* End PBXNativeTarget section */

/* Begin PBXProject section */
		A6EE36191F4EC89D0040AD94 /* Project object */ = {
			isa = PBXProject;
			attributes = {
				LastUpgradeCheck = 0830;
				ORGANIZATIONNAME = huzi_0118;
				TargetAttributes = {
					A6EE36201F4EC89D0040AD94 = {
						CreatedOnToolsVersion = 8.3.3;
						DevelopmentTeam = E6KM5VHCWL;
						ProvisioningStyle = Automatic;
					};
					A6EE36391F4EC89E0040AD94 = {
						CreatedOnToolsVersion = 8.3.3;
						DevelopmentTeam = E6KM5VHCWL;
						ProvisioningStyle = Automatic;
						TestTargetID = A6EE36201F4EC89D0040AD94;
					};
					A6EE36441F4EC89E0040AD94 = {
						CreatedOnToolsVersion = 8.3.3;
						DevelopmentTeam = E6KM5VHCWL;
						ProvisioningStyle = Automatic;
						TestTargetID = A6EE36201F4EC89D0040AD94;
					};
				};
			};
			buildConfigurationList = A6EE361C1F4EC89D0040AD94 /* Build configuration list for PBXProject "MyXcodeTest" */;
			compatibilityVersion = "Xcode 3.2";
			developmentRegion = English;
			hasScannedForEncodings = 0;
			knownRegions = (
				en,
				Base,
			);
			mainGroup = A6EE36181F4EC89D0040AD94;
			productRefGroup = A6EE36221F4EC89E0040AD94 /* Products */;
			projectDirPath = "";
			projectRoot = "";
			targets = (
				A6EE36201F4EC89D0040AD94 /* MyXcodeTest */,
				A6EE36391F4EC89E0040AD94 /* MyXcodeTestTests */,
				A6EE36441F4EC89E0040AD94 /* MyXcodeTestUITests */,
			);
		};
/* End PBXProject section */

/* Begin PBXResourcesBuildPhase section */
		A6EE361F1F4EC89D0040AD94 /* Resources */ = {
			isa = PBXResourcesBuildPhase;
			buildActionMask = 2147483647;
			files = (
				A6EE36341F4EC89E0040AD94 /* LaunchScreen.storyboard in Resources */,
				A6EE36311F4EC89E0040AD94 /* Assets.xcassets in Resources */,
				A6EE362F1F4EC89E0040AD94 /* Main.storyboard in Resources */,
			);
			runOnlyForDeploymentPostprocessing = 0;
		};
		A6EE36381F4EC89E0040AD94 /* Resources */ = {
			isa = PBXResourcesBuildPhase;
			buildActionMask = 2147483647;
			files = (
			);
			runOnlyForDeploymentPostprocessing = 0;
		};
		A6EE36431F4EC89E0040AD94 /* Resources */ = {
			isa = PBXResourcesBuildPhase;
			buildActionMask = 2147483647;
			files = (
			);
			runOnlyForDeploymentPostprocessing = 0;
		};
/* End PBXResourcesBuildPhase section */

/* Begin PBXSourcesBuildPhase section */
		A6EE361D1F4EC89D0040AD94 /* Sources */ = {
			isa = PBXSourcesBuildPhase;
			buildActionMask = 2147483647;
			files = (
				A6EE362C1F4EC89E0040AD94 /* ViewController.m in Sources */,
				A6EE36291F4EC89E0040AD94 /* AppDelegate.m in Sources */,
				A6EE36261F4EC89E0040AD94 /* main.m in Sources */,
			);
			runOnlyForDeploymentPostprocessing = 0;
		};
		A6EE36361F4EC89E0040AD94 /* Sources */ = {
			isa = PBXSourcesBuildPhase;
			buildActionMask = 2147483647;
			files = (
				A6EE363F1F4EC89E0040AD94 /* MyXcodeTestTests.m in Sources */,
			);
			runOnlyForDeploymentPostprocessing = 0;
		};
		A6EE36411F4EC89E0040AD94 /* Sources */ = {
			isa = PBXSourcesBuildPhase;
			buildActionMask = 2147483647;
			files = (
				A6EE364A1F4EC89E0040AD94 /* MyXcodeTestUITests.m in Sources */,
			);
			runOnlyForDeploymentPostprocessing = 0;
		};
/* End PBXSourcesBuildPhase section */

/* Begin PBXTargetDependency section */
		A6EE363C1F4EC89E0040AD94 /* PBXTargetDependency */ = {
			isa = PBXTargetDependency;
			target = A6EE36201F4EC89D0040AD94 /* MyXcodeTest */;
			targetProxy = A6EE363B1F4EC89E0040AD94 /* PBXContainerItemProxy */;
		};
		A6EE36471F4EC89E0040AD94 /* PBXTargetDependency */ = {
			isa = PBXTargetDependency;
			target = A6EE36201F4EC89D0040AD94 /* MyXcodeTest */;
			targetProxy = A6EE36461F4EC89E0040AD94 /* PBXContainerItemProxy */;
		};
/* End PBXTargetDependency section */

/* Begin PBXVariantGroup section */
		A6EE362D1F4EC89E0040AD94 /* Main.storyboard */ = {
			isa = PBXVariantGroup;
			children = (
				A6EE362E1F4EC89E0040AD94 /* Base */,
			);
			name = Main.storyboard;
			sourceTree = "<group>";
		};
		A6EE36321F4EC89E0040AD94 /* LaunchScreen.storyboard */ = {
			isa = PBXVariantGroup;
			children = (
				A6EE36331F4EC89E0040AD94 /* Base */,
			);
			name = LaunchScreen.storyboard;
			sourceTree = "<group>";
		};
/* End PBXVariantGroup section */

/* Begin XCBuildConfiguration section */
		A6EE364C1F4EC89E0040AD94 /* Debug */ = {
			isa = XCBuildConfiguration;
			buildSettings = {
				ALWAYS_SEARCH_USER_PATHS = NO;
				CLANG_ANALYZER_NONNULL = YES;
				CLANG_ANALYZER_NUMBER_OBJECT_CONVERSION = YES_AGGRESSIVE;
				CLANG_CXX_LANGUAGE_STANDARD = "gnu++0x";
				CLANG_CXX_LIBRARY = "libc++";
				CLANG_ENABLE_MODULES = YES;
				CLANG_ENABLE_OBJC_ARC = YES;
				CLANG_WARN_BOOL_CONVERSION = YES;
				CLANG_WARN_CONSTANT_CONVERSION = YES;
				CLANG_WARN_DIRECT_OBJC_ISA_USAGE = YES_ERROR;
				CLANG_WARN_DOCUMENTATION_COMMENTS = YES;
				CLANG_WARN_EMPTY_BODY = YES;
				CLANG_WARN_ENUM_CONVERSION = YES;
				CLANG_WARN_INFINITE_RECURSION = YES;
				CLANG_WARN_INT_CONVERSION = YES;
				CLANG_WARN_OBJC_ROOT_CLASS = YES_ERROR;
				CLANG_WARN_SUSPICIOUS_MOVE = YES;
				CLANG_WARN_UNREACHABLE_CODE = YES;
				CLANG_WARN__DUPLICATE_METHOD_MATCH = YES;
				"CODE_SIGN_IDENTITY[sdk=iphoneos*]" = "iPhone Developer";
				COPY_PHASE_STRIP = NO;
				DEBUG_INFORMATION_FORMAT = dwarf;
				ENABLE_STRICT_OBJC_MSGSEND = YES;
				ENABLE_TESTABILITY = YES;
				GCC_C_LANGUAGE_STANDARD = gnu99;
				GCC_DYNAMIC_NO_PIC = NO;
				GCC_NO_COMMON_BLOCKS = YES;
				GCC_OPTIMIZATION_LEVEL = 0;
				GCC_PREPROCESSOR_DEFINITIONS = (
					"DEBUG=1",
					"$(inherited)",
				);
				GCC_WARN_64_TO_32_BIT_CONVERSION = YES;
				GCC_WARN_ABOUT_RETURN_TYPE = YES_ERROR;
				GCC_WARN_UNDECLARED_SELECTOR = YES;
				GCC_WARN_UNINITIALIZED_AUTOS = YES_AGGRESSIVE;
				GCC_WARN_UNUSED_FUNCTION = YES;
				GCC_WARN_UNUSED_VARIABLE = YES;
				IPHONEOS_DEPLOYMENT_TARGET = 10.3;
				MTL_ENABLE_DEBUG_INFO = YES;
				ONLY_ACTIVE_ARCH = YES;
				SDKROOT = iphoneos;
			};
			name = Debug;
		};
		A6EE364D1F4EC89E0040AD94 /* Release */ = {
			isa = XCBuildConfiguration;
			buildSettings = {
				ALWAYS_SEARCH_USER_PATHS = NO;
				CLANG_ANALYZER_NONNULL = YES;
				CLANG_ANALYZER_NUMBER_OBJECT_CONVERSION = YES_AGGRESSIVE;
				CLANG_CXX_LANGUAGE_STANDARD = "gnu++0x";
				CLANG_CXX_LIBRARY = "libc++";
				CLANG_ENABLE_MODULES = YES;
				CLANG_ENABLE_OBJC_ARC = YES;
				CLANG_WARN_BOOL_CONVERSION = YES;
				CLANG_WARN_CONSTANT_CONVERSION = YES;
				CLANG_WARN_DIRECT_OBJC_ISA_USAGE = YES_ERROR;
				CLANG_WARN_DOCUMENTATION_COMMENTS = YES;
				CLANG_WARN_EMPTY_BODY = YES;
				CLANG_WARN_ENUM_CONVERSION = YES;
				CLANG_WARN_INFINITE_RECURSION = YES;
				CLANG_WARN_INT_CONVERSION = YES;
				CLANG_WARN_OBJC_ROOT_CLASS = YES_ERROR;
				CLANG_WARN_SUSPICIOUS_MOVE = YES;
				CLANG_WARN_UNREACHABLE_CODE = YES;
				CLANG_WARN__DUPLICATE_METHOD_MATCH = YES;
				"CODE_SIGN_IDENTITY[sdk=iphoneos*]" = "iPhone Developer";
				COPY_PHASE_STRIP = NO;
				DEBUG_INFORMATION_FORMAT = "dwarf-with-dsym";
				ENABLE_NS_ASSERTIONS = NO;
				ENABLE_STRICT_OBJC_MSGSEND = YES;
				GCC_C_LANGUAGE_STANDARD = gnu99;
				GCC_NO_COMMON_BLOCKS = YES;
				GCC_WARN_64_TO_32_BIT_CONVERSION = YES;
				GCC_WARN_ABOUT_RETURN_TYPE = YES_ERROR;
				GCC_WARN_UNDECLARED_SELECTOR = YES;
				GCC_WARN_UNINITIALIZED_AUTOS = YES_AGGRESSIVE;
				GCC_WARN_UNUSED_FUNCTION = YES;
				GCC_WARN_UNUSED_VARIABLE = YES;
				IPHONEOS_DEPLOYMENT_TARGET = 10.3;
				MTL_ENABLE_DEBUG_INFO = NO;
				SDKROOT = iphoneos;
				VALIDATE_PRODUCT = YES;
			};
			name = Release;
		};
		A6EE364F1F4EC89E0040AD94 /* Debug */ = {
			isa = XCBuildConfiguration;
			buildSettings = {
				ASSETCATALOG_COMPILER_APPICON_NAME = AppIcon;
				DEVELOPMENT_TEAM = E6KM5VHCWL;
				INFOPLIST_FILE = MyXcodeTest/Info.plist;
				LD_RUNPATH_SEARCH_PATHS = "$(inherited) @executable_path/Frameworks";
				PRODUCT_BUNDLE_IDENTIFIER = com.qmyiz.MyXcodeTest;
				PRODUCT_NAME = "$(TARGET_NAME)";
			};
			name = Debug;
		};
		A6EE36501F4EC89E0040AD94 /* Release */ = {
			isa = XCBuildConfiguration;
			buildSettings = {
				ASSETCATALOG_COMPILER_APPICON_NAME = AppIcon;
				DEVELOPMENT_TEAM = E6KM5VHCWL;
				INFOPLIST_FILE = MyXcodeTest/Info.plist;
				LD_RUNPATH_SEARCH_PATHS = "$(inherited) @executable_path/Frameworks";
				PRODUCT_BUNDLE_IDENTIFIER = com.qmyiz.MyXcodeTest;
				PRODUCT_NAME = "$(TARGET_NAME)";
			};
			name = Release;
		};
		A6EE36521F4EC89E0040AD94 /* Debug */ = {
			isa = XCBuildConfiguration;
			buildSettings = {
				BUNDLE_LOADER = "$(TEST_HOST)";
				DEVELOPMENT_TEAM = E6KM5VHCWL;
				INFOPLIST_FILE = MyXcodeTestTests/Info.plist;
				LD_RUNPATH_SEARCH_PATHS = "$(inherited) @executable_path/Frameworks @loader_path/Frameworks";
				PRODUCT_BUNDLE_IDENTIFIER = com.qmyiz.MyXcodeTestTests;
				PRODUCT_NAME = "$(TARGET_NAME)";
				TEST_HOST = "$(BUILT_PRODUCTS_DIR)/MyXcodeTest.app/MyXcodeTest";
			};
			name = Debug;
		};
		A6EE36531F4EC89E0040AD94 /* Release */ = {
			isa = XCBuildConfiguration;
			buildSettings = {
				BUNDLE_LOADER = "$(TEST_HOST)";
				DEVELOPMENT_TEAM = E6KM5VHCWL;
				INFOPLIST_FILE = MyXcodeTestTests/Info.plist;
				LD_RUNPATH_SEARCH_PATHS = "$(inherited) @executable_path/Frameworks @loader_path/Frameworks";
				PRODUCT_BUNDLE_IDENTIFIER = com.qmyiz.MyXcodeTestTests;
				PRODUCT_NAME = "$(TARGET_NAME)";
				TEST_HOST = "$(BUILT_PRODUCTS_DIR)/MyXcodeTest.app/MyXcodeTest";
			};
			name = Release;
		};
		A6EE36551F4EC89E0040AD94 /* Debug */ = {
			isa = XCBuildConfiguration;
			buildSettings = {
				DEVELOPMENT_TEAM = E6KM5VHCWL;
				INFOPLIST_FILE = MyXcodeTestUITests/Info.plist;
				LD_RUNPATH_SEARCH_PATHS = "$(inherited) @executable_path/Frameworks @loader_path/Frameworks";
				PRODUCT_BUNDLE_IDENTIFIER = com.qmyiz.MyXcodeTestUITests;
				PRODUCT_NAME = "$(TARGET_NAME)";
				TEST_TARGET_NAME = MyXcodeTest;
			};
			name = Debug;
		};
		A6EE36561F4EC89E0040AD94 /* Release */ = {
			isa = XCBuildConfiguration;
			buildSettings = {
				DEVELOPMENT_TEAM = E6KM5VHCWL;
				INFOPLIST_FILE = MyXcodeTestUITests/Info.plist;
				LD_RUNPATH_SEARCH_PATHS = "$(inherited) @executable_path/Frameworks @loader_path/Frameworks";
				PRODUCT_BUNDLE_IDENTIFIER = com.qmyiz.MyXcodeTestUITests;
				PRODUCT_NAME = "$(TARGET_NAME)";
				TEST_TARGET_NAME = MyXcodeTest;
			};
			name = Release;
		};
/* End XCBuildConfiguration section */

/* Begin XCConfigurationList section */
		A6EE361C1F4EC89D0040AD94 /* Build configuration list for PBXProject "MyXcodeTest" */ = {
			isa = XCConfigurationList;
			buildConfigurations = (
				A6EE364C1F4EC89E0040AD94 /* Debug */,
				A6EE364D1F4EC89E0040AD94 /* Release */,
			);
			defaultConfigurationIsVisible = 0;
			defaultConfigurationName = Release;
		};
		A6EE364E1F4EC89E0040AD94 /* Build configuration list for PBXNativeTarget "MyXcodeTest" */ = {
			isa = XCConfigurationList;
			buildConfigurations = (
				A6EE364F1F4EC89E0040AD94 /* Debug */,
				A6EE36501F4EC89E0040AD94 /* Release */,
			);
			defaultConfigurationIsVisible = 0;
		};
		A6EE36511F4EC89E0040AD94 /* Build configuration list for PBXNativeTarget "MyXcodeTestTests" */ = {
			isa = XCConfigurationList;
			buildConfigurations = (
				A6EE36521F4EC89E0040AD94 /* Debug */,
				A6EE36531F4EC89E0040AD94 /* Release */,
			);
			defaultConfigurationIsVisible = 0;
		};
		A6EE36541F4EC89E0040AD94 /* Build configuration list for PBXNativeTarget "MyXcodeTestUITests" */ = {
			isa = XCConfigurationList;
			buildConfigurations = (
				A6EE36551F4EC89E0040AD94 /* Debug */,
				A6EE36561F4EC89E0040AD94 /* Release */,
			);
			defaultConfigurationIsVisible = 0;
		};
/* End XCConfigurationList section */
	};
	rootObject = A6EE36191F4EC89D0040AD94 /* Project object */;
}
